// !$*UTF8*$!
{
	archiveVersion = 1;
	classes = {
	};
	objectVersion = 50;
	objects = {

/* Begin PBXBuildFile section */
		849A391D26819D020028BB40 /* LocationFetcher.swift in Sources */ = {isa = PBXBuildFile; fileRef = 849A391C26819D020028BB40 /* LocationFetcher.swift */; };
		849A39202681BC6F0028BB40 /* LocationViewModel.swift in Sources */ = {isa = PBXBuildFile; fileRef = 849A391F2681BC6F0028BB40 /* LocationViewModel.swift */; };
		849A392226822FEB0028BB40 /* MoviesRegionList.swift in Sources */ = {isa = PBXBuildFile; fileRef = 849A392126822FEA0028BB40 /* MoviesRegionList.swift */; };
		849A39262682F4AA0028BB40 /* Genre.swift in Sources */ = {isa = PBXBuildFile; fileRef = 849A39252682F4AA0028BB40 /* Genre.swift */; };
		849A3928268842530028BB40 /* TvShowRows.swift in Sources */ = {isa = PBXBuildFile; fileRef = 849A3927268842530028BB40 /* TvShowRows.swift */; };
		D4219128268310E100F250C1 /* LaunchScreen.storyboard in Resources */ = {isa = PBXBuildFile; fileRef = D4219127268310E100F250C1 /* LaunchScreen.storyboard */; };
		D421912A268313D800F250C1 /* logo.png in Resources */ = {isa = PBXBuildFile; fileRef = D4219129268313D800F250C1 /* logo.png */; };
		D4A851562685721100CA8A23 /* DataModel.xcdatamodeld in Sources */ = {isa = PBXBuildFile; fileRef = D4A851542685721100CA8A23 /* DataModel.xcdatamodeld */; };
		D4A851582685767F00CA8A23 /* Persistence.swift in Sources */ = {isa = PBXBuildFile; fileRef = D4A851572685767F00CA8A23 /* Persistence.swift */; };
		F70339E82687EC7C00D2090F /* CastDetail.swift in Sources */ = {isa = PBXBuildFile; fileRef = F70339E72687EC7C00D2090F /* CastDetail.swift */; };
		F70339EA2687ECAE00D2090F /* Cast.swift in Sources */ = {isa = PBXBuildFile; fileRef = F70339E92687ECAE00D2090F /* Cast.swift */; };
		F70339EC2687F89900D2090F /* CastViewModel.swift in Sources */ = {isa = PBXBuildFile; fileRef = F70339EB2687F89900D2090F /* CastViewModel.swift */; };
		F70339EF2688002F00D2090F /* ListCast.swift in Sources */ = {isa = PBXBuildFile; fileRef = F70339EE2688002F00D2090F /* ListCast.swift */; };
		F70339F1268800A500D2090F /* ListGenres.swift in Sources */ = {isa = PBXBuildFile; fileRef = F70339F0268800A500D2090F /* ListGenres.swift */; };
		F72C884A267C367F003119C8 /* Results.swift in Sources */ = {isa = PBXBuildFile; fileRef = F72C8849267C367F003119C8 /* Results.swift */; };
		F72C884C267C3AB1003119C8 /* MovieDetail.swift in Sources */ = {isa = PBXBuildFile; fileRef = F72C884B267C3AB1003119C8 /* MovieDetail.swift */; };
		F72C884F267C42B2003119C8 /* LoadImage.swift in Sources */ = {isa = PBXBuildFile; fileRef = F72C884E267C42B2003119C8 /* LoadImage.swift */; };
		F72C8851267C4C0A003119C8 /* Loading.swift in Sources */ = {isa = PBXBuildFile; fileRef = F72C8850267C4C0A003119C8 /* Loading.swift */; };
		F75E8D10267C287B00940C62 /* ApiError.swift in Sources */ = {isa = PBXBuildFile; fileRef = F75E8D0E267C287B00940C62 /* ApiError.swift */; };
		F75E8D11267C287B00940C62 /* NetworkGeneric.swift in Sources */ = {isa = PBXBuildFile; fileRef = F75E8D0F267C287B00940C62 /* NetworkGeneric.swift */; };
		F75E8D1F267C2CA700940C62 /* Client.swift in Sources */ = {isa = PBXBuildFile; fileRef = F75E8D1E267C2CA700940C62 /* Client.swift */; };
		F75E8D24267C2D2F00940C62 /* Movie.swift in Sources */ = {isa = PBXBuildFile; fileRef = F75E8D23267C2D2F00940C62 /* Movie.swift */; };
		F75E8D28267C2FA300940C62 /* MoviesViewModel.swift in Sources */ = {isa = PBXBuildFile; fileRef = F75E8D27267C2FA300940C62 /* MoviesViewModel.swift */; };
		F75E8D2D267C320700940C62 /* MoviesList.swift in Sources */ = {isa = PBXBuildFile; fileRef = F75E8D2C267C320700940C62 /* MoviesList.swift */; };
		F7D2A91F267C25270035F173 /* MovieCenterApp.swift in Sources */ = {isa = PBXBuildFile; fileRef = F7D2A91E267C25270035F173 /* MovieCenterApp.swift */; };
		F7D2A921267C25270035F173 /* ContentView.swift in Sources */ = {isa = PBXBuildFile; fileRef = F7D2A920267C25270035F173 /* ContentView.swift */; };
		F7D2A923267C25280035F173 /* Assets.xcassets in Resources */ = {isa = PBXBuildFile; fileRef = F7D2A922267C25280035F173 /* Assets.xcassets */; };
		F7D2A926267C25280035F173 /* Preview Assets.xcassets in Resources */ = {isa = PBXBuildFile; fileRef = F7D2A925267C25280035F173 /* Preview Assets.xcassets */; };
		F7EEA73C2681869A00F7DA9B /* MainMenu.swift in Sources */ = {isa = PBXBuildFile; fileRef = F7EEA73B2681869A00F7DA9B /* MainMenu.swift */; };
		F7EEA73E2681882500F7DA9B /* TVShowList.swift in Sources */ = {isa = PBXBuildFile; fileRef = F7EEA73D2681882500F7DA9B /* TVShowList.swift */; };
		F7EEA7402681887800F7DA9B /* TVShowViewModel.swift in Sources */ = {isa = PBXBuildFile; fileRef = F7EEA73F2681887800F7DA9B /* TVShowViewModel.swift */; };
		F7EEA742268189A700F7DA9B /* TVShow.swift in Sources */ = {isa = PBXBuildFile; fileRef = F7EEA741268189A700F7DA9B /* TVShow.swift */; };
		F7EEA74426818E0B00F7DA9B /* TVShowsDetail.swift in Sources */ = {isa = PBXBuildFile; fileRef = F7EEA74326818E0B00F7DA9B /* TVShowsDetail.swift */; };
/* End PBXBuildFile section */

/* Begin PBXFileReference section */
		849A391C26819D020028BB40 /* LocationFetcher.swift */ = {isa = PBXFileReference; lastKnownFileType = sourcecode.swift; path = LocationFetcher.swift; sourceTree = "<group>"; };
		849A391F2681BC6F0028BB40 /* LocationViewModel.swift */ = {isa = PBXFileReference; lastKnownFileType = sourcecode.swift; path = LocationViewModel.swift; sourceTree = "<group>"; };
		849A392126822FEA0028BB40 /* MoviesRegionList.swift */ = {isa = PBXFileReference; lastKnownFileType = sourcecode.swift; path = MoviesRegionList.swift; sourceTree = "<group>"; };
		849A39252682F4AA0028BB40 /* Genre.swift */ = {isa = PBXFileReference; lastKnownFileType = sourcecode.swift; path = Genre.swift; sourceTree = "<group>"; };
		849A3927268842530028BB40 /* TvShowRows.swift */ = {isa = PBXFileReference; lastKnownFileType = sourcecode.swift; path = TvShowRows.swift; sourceTree = "<group>"; };
		D4219127268310E100F250C1 /* LaunchScreen.storyboard */ = {isa = PBXFileReference; lastKnownFileType = file.storyboard; path = LaunchScreen.storyboard; sourceTree = "<group>"; };
		D4219129268313D800F250C1 /* logo.png */ = {isa = PBXFileReference; lastKnownFileType = image.png; path = logo.png; sourceTree = "<group>"; };
		D4A851552685721100CA8A23 /* DataModel.xcdatamodel */ = {isa = PBXFileReference; lastKnownFileType = wrapper.xcdatamodel; path = DataModel.xcdatamodel; sourceTree = "<group>"; };
		D4A851572685767F00CA8A23 /* Persistence.swift */ = {isa = PBXFileReference; lastKnownFileType = sourcecode.swift; path = Persistence.swift; sourceTree = "<group>"; };
		F70339E72687EC7C00D2090F /* CastDetail.swift */ = {isa = PBXFileReference; lastKnownFileType = sourcecode.swift; path = CastDetail.swift; sourceTree = "<group>"; };
		F70339E92687ECAE00D2090F /* Cast.swift */ = {isa = PBXFileReference; lastKnownFileType = sourcecode.swift; path = Cast.swift; sourceTree = "<group>"; };
		F70339EB2687F89900D2090F /* CastViewModel.swift */ = {isa = PBXFileReference; lastKnownFileType = sourcecode.swift; path = CastViewModel.swift; sourceTree = "<group>"; };
		F70339EE2688002F00D2090F /* ListCast.swift */ = {isa = PBXFileReference; lastKnownFileType = sourcecode.swift; path = ListCast.swift; sourceTree = "<group>"; };
		F70339F0268800A500D2090F /* ListGenres.swift */ = {isa = PBXFileReference; lastKnownFileType = sourcecode.swift; path = ListGenres.swift; sourceTree = "<group>"; };
		F72C8849267C367F003119C8 /* Results.swift */ = {isa = PBXFileReference; lastKnownFileType = sourcecode.swift; path = Results.swift; sourceTree = "<group>"; };
		F72C884B267C3AB1003119C8 /* MovieDetail.swift */ = {isa = PBXFileReference; lastKnownFileType = sourcecode.swift; path = MovieDetail.swift; sourceTree = "<group>"; };
		F72C884E267C42B2003119C8 /* LoadImage.swift */ = {isa = PBXFileReference; lastKnownFileType = sourcecode.swift; path = LoadImage.swift; sourceTree = "<group>"; };
		F72C8850267C4C0A003119C8 /* Loading.swift */ = {isa = PBXFileReference; lastKnownFileType = sourcecode.swift; path = Loading.swift; sourceTree = "<group>"; };
		F75E8D0E267C287B00940C62 /* ApiError.swift */ = {isa = PBXFileReference; fileEncoding = 4; lastKnownFileType = sourcecode.swift; path = ApiError.swift; sourceTree = "<group>"; };
		F75E8D0F267C287B00940C62 /* NetworkGeneric.swift */ = {isa = PBXFileReference; fileEncoding = 4; lastKnownFileType = sourcecode.swift; path = NetworkGeneric.swift; sourceTree = "<group>"; };
		F75E8D1E267C2CA700940C62 /* Client.swift */ = {isa = PBXFileReference; lastKnownFileType = sourcecode.swift; path = Client.swift; sourceTree = "<group>"; };
		F75E8D23267C2D2F00940C62 /* Movie.swift */ = {isa = PBXFileReference; lastKnownFileType = sourcecode.swift; path = Movie.swift; sourceTree = "<group>"; };
		F75E8D27267C2FA300940C62 /* MoviesViewModel.swift */ = {isa = PBXFileReference; lastKnownFileType = sourcecode.swift; path = MoviesViewModel.swift; sourceTree = "<group>"; };
		F75E8D2C267C320700940C62 /* MoviesList.swift */ = {isa = PBXFileReference; lastKnownFileType = sourcecode.swift; path = MoviesList.swift; sourceTree = "<group>"; };
		F7D2A91B267C25270035F173 /* MovieCenter.app */ = {isa = PBXFileReference; explicitFileType = wrapper.application; includeInIndex = 0; path = MovieCenter.app; sourceTree = BUILT_PRODUCTS_DIR; };
		F7D2A91E267C25270035F173 /* MovieCenterApp.swift */ = {isa = PBXFileReference; lastKnownFileType = sourcecode.swift; path = MovieCenterApp.swift; sourceTree = "<group>"; };
		F7D2A920267C25270035F173 /* ContentView.swift */ = {isa = PBXFileReference; lastKnownFileType = sourcecode.swift; path = ContentView.swift; sourceTree = "<group>"; };
		F7D2A922267C25280035F173 /* Assets.xcassets */ = {isa = PBXFileReference; lastKnownFileType = folder.assetcatalog; path = Assets.xcassets; sourceTree = "<group>"; };
		F7D2A925267C25280035F173 /* Preview Assets.xcassets */ = {isa = PBXFileReference; lastKnownFileType = folder.assetcatalog; path = "Preview Assets.xcassets"; sourceTree = "<group>"; };
		F7D2A927267C25280035F173 /* Info.plist */ = {isa = PBXFileReference; lastKnownFileType = text.plist.xml; path = Info.plist; sourceTree = "<group>"; };
		F7EEA73B2681869A00F7DA9B /* MainMenu.swift */ = {isa = PBXFileReference; lastKnownFileType = sourcecode.swift; path = MainMenu.swift; sourceTree = "<group>"; };
		F7EEA73D2681882500F7DA9B /* TVShowList.swift */ = {isa = PBXFileReference; lastKnownFileType = sourcecode.swift; path = TVShowList.swift; sourceTree = "<group>"; };
		F7EEA73F2681887800F7DA9B /* TVShowViewModel.swift */ = {isa = PBXFileReference; lastKnownFileType = sourcecode.swift; path = TVShowViewModel.swift; sourceTree = "<group>"; };
		F7EEA741268189A700F7DA9B /* TVShow.swift */ = {isa = PBXFileReference; lastKnownFileType = sourcecode.swift; path = TVShow.swift; sourceTree = "<group>"; };
		F7EEA74326818E0B00F7DA9B /* TVShowsDetail.swift */ = {isa = PBXFileReference; lastKnownFileType = sourcecode.swift; path = TVShowsDetail.swift; sourceTree = "<group>"; };
/* End PBXFileReference section */

/* Begin PBXFrameworksBuildPhase section */
		F7D2A918267C25270035F173 /* Frameworks */ = {
			isa = PBXFrameworksBuildPhase;
			buildActionMask = 2147483647;
			files = (
			);
			runOnlyForDeploymentPostprocessing = 0;
		};
/* End PBXFrameworksBuildPhase section */

/* Begin PBXGroup section */
		849A391E2681A6C50028BB40 /* Util */ = {
			isa = PBXGroup;
			children = (
				849A391C26819D020028BB40 /* LocationFetcher.swift */,
			);
			path = Util;
			sourceTree = "<group>";
		};
		D4A851592686F37D00CA8A23 /* BD */ = {
			isa = PBXGroup;
			children = (
				D4A851572685767F00CA8A23 /* Persistence.swift */,
			);
			path = BD;
			sourceTree = "<group>";
		};
		F70339ED2687FFFE00D2090F /* Components */ = {
			isa = PBXGroup;
			children = (
				F70339EE2688002F00D2090F /* ListCast.swift */,
				F70339F0268800A500D2090F /* ListGenres.swift */,
			);
			path = Components;
			sourceTree = "<group>";
		};
		F72C884D267C422C003119C8 /* Extensions */ = {
			isa = PBXGroup;
			children = (
				F72C884E267C42B2003119C8 /* LoadImage.swift */,
			);
			path = Extensions;
			sourceTree = "<group>";
		};
		F75E8D09267C287200940C62 /* NetworkEndpoints */ = {
			isa = PBXGroup;
			children = (
				F75E8D1E267C2CA700940C62 /* Client.swift */,
			);
			path = NetworkEndpoints;
			sourceTree = "<group>";
		};
		F75E8D0D267C287B00940C62 /* Network */ = {
			isa = PBXGroup;
			children = (
				F75E8D0E267C287B00940C62 /* ApiError.swift */,
				F75E8D0F267C287B00940C62 /* NetworkGeneric.swift */,
			);
			path = Network;
			sourceTree = "<group>";
		};
		F75E8D22267C2D1200940C62 /* Models */ = {
			isa = PBXGroup;
			children = (
				849A39252682F4AA0028BB40 /* Genre.swift */,
				F75E8D23267C2D2F00940C62 /* Movie.swift */,
				F72C8849267C367F003119C8 /* Results.swift */,
				F7EEA741268189A700F7DA9B /* TVShow.swift */,
				F70339E92687ECAE00D2090F /* Cast.swift */,
			);
			path = Models;
			sourceTree = "<group>";
		};
		F75E8D26267C2F2B00940C62 /* ViewModel */ = {
			isa = PBXGroup;
			children = (
				F75E8D27267C2FA300940C62 /* MoviesViewModel.swift */,
				F7EEA73F2681887800F7DA9B /* TVShowViewModel.swift */,
				849A391F2681BC6F0028BB40 /* LocationViewModel.swift */,
				F70339EB2687F89900D2090F /* CastViewModel.swift */,
			);
			path = ViewModel;
			sourceTree = "<group>";
		};
		F75E8D2B267C31E900940C62 /* Views */ = {
			isa = PBXGroup;
			children = (
				F70339ED2687FFFE00D2090F /* Components */,
				F75E8D2C267C320700940C62 /* MoviesList.swift */,
				F72C884B267C3AB1003119C8 /* MovieDetail.swift */,
				F72C8850267C4C0A003119C8 /* Loading.swift */,
				F7EEA73B2681869A00F7DA9B /* MainMenu.swift */,
				F7EEA73D2681882500F7DA9B /* TVShowList.swift */,
				F7EEA74326818E0B00F7DA9B /* TVShowsDetail.swift */,
				849A392126822FEA0028BB40 /* MoviesRegionList.swift */,
				F70339E72687EC7C00D2090F /* CastDetail.swift */,
				849A3927268842530028BB40 /* TvShowRows.swift */,
			);
			path = Views;
			sourceTree = "<group>";
		};
		F7D2A912267C25270035F173 = {
			isa = PBXGroup;
			children = (
				F7D2A91D267C25270035F173 /* MovieCenter */,
				F7D2A91C267C25270035F173 /* Products */,
			);
			sourceTree = "<group>";
		};
		F7D2A91C267C25270035F173 /* Products */ = {
			isa = PBXGroup;
			children = (
				F7D2A91B267C25270035F173 /* MovieCenter.app */,
			);
			name = Products;
			sourceTree = "<group>";
		};
		F7D2A91D267C25270035F173 /* MovieCenter */ = {
			isa = PBXGroup;
			children = (
				D4A851592686F37D00CA8A23 /* BD */,
				849A391E2681A6C50028BB40 /* Util */,
				F72C884D267C422C003119C8 /* Extensions */,
				F75E8D2B267C31E900940C62 /* Views */,
				F75E8D26267C2F2B00940C62 /* ViewModel */,
				F75E8D22267C2D1200940C62 /* Models */,
				F75E8D0D267C287B00940C62 /* Network */,
				F75E8D09267C287200940C62 /* NetworkEndpoints */,
				F7D2A91E267C25270035F173 /* MovieCenterApp.swift */,
				F7D2A920267C25270035F173 /* ContentView.swift */,
				F7D2A922267C25280035F173 /* Assets.xcassets */,
				F7D2A927267C25280035F173 /* Info.plist */,
				F7D2A924267C25280035F173 /* Preview Content */,
				D4219127268310E100F250C1 /* LaunchScreen.storyboard */,
				D4219129268313D800F250C1 /* logo.png */,
				D4A851542685721100CA8A23 /* DataModel.xcdatamodeld */,
			);
			path = MovieCenter;
			sourceTree = "<group>";
		};
		F7D2A924267C25280035F173 /* Preview Content */ = {
			isa = PBXGroup;
			children = (
				F7D2A925267C25280035F173 /* Preview Assets.xcassets */,
			);
			path = "Preview Content";
			sourceTree = "<group>";
		};
/* End PBXGroup section */

/* Begin PBXNativeTarget section */
		F7D2A91A267C25270035F173 /* MovieCenter */ = {
			isa = PBXNativeTarget;
			buildConfigurationList = F7D2A92A267C25280035F173 /* Build configuration list for PBXNativeTarget "MovieCenter" */;
			buildPhases = (
				F7D2A917267C25270035F173 /* Sources */,
				F7D2A918267C25270035F173 /* Frameworks */,
				F7D2A919267C25270035F173 /* Resources */,
			);
			buildRules = (
			);
			dependencies = (
			);
			name = MovieCenter;
			productName = MovieCenter;
			productReference = F7D2A91B267C25270035F173 /* MovieCenter.app */;
			productType = "com.apple.product-type.application";
		};
/* End PBXNativeTarget section */

/* Begin PBXProject section */
		F7D2A913267C25270035F173 /* Project object */ = {
			isa = PBXProject;
			attributes = {
				LastSwiftUpdateCheck = 1250;
				LastUpgradeCheck = 1250;
				TargetAttributes = {
					F7D2A91A267C25270035F173 = {
						CreatedOnToolsVersion = 12.5;
					};
				};
			};
			buildConfigurationList = F7D2A916267C25270035F173 /* Build configuration list for PBXProject "MovieCenter" */;
			compatibilityVersion = "Xcode 9.3";
			developmentRegion = en;
			hasScannedForEncodings = 0;
			knownRegions = (
				en,
				Base,
			);
			mainGroup = F7D2A912267C25270035F173;
			productRefGroup = F7D2A91C267C25270035F173 /* Products */;
			projectDirPath = "";
			projectRoot = "";
			targets = (
				F7D2A91A267C25270035F173 /* MovieCenter */,
			);
		};
/* End PBXProject section */

/* Begin PBXResourcesBuildPhase section */
		F7D2A919267C25270035F173 /* Resources */ = {
			isa = PBXResourcesBuildPhase;
			buildActionMask = 2147483647;
			files = (
				D421912A268313D800F250C1 /* logo.png in Resources */,
				D4219128268310E100F250C1 /* LaunchScreen.storyboard in Resources */,
				F7D2A926267C25280035F173 /* Preview Assets.xcassets in Resources */,
				F7D2A923267C25280035F173 /* Assets.xcassets in Resources */,
			);
			runOnlyForDeploymentPostprocessing = 0;
		};
/* End PBXResourcesBuildPhase section */

/* Begin PBXSourcesBuildPhase section */
		F7D2A917267C25270035F173 /* Sources */ = {
			isa = PBXSourcesBuildPhase;
			buildActionMask = 2147483647;
			files = (
				F7EEA73C2681869A00F7DA9B /* MainMenu.swift in Sources */,
				F72C884A267C367F003119C8 /* Results.swift in Sources */,
				F70339EA2687ECAE00D2090F /* Cast.swift in Sources */,
				F70339F1268800A500D2090F /* ListGenres.swift in Sources */,
				849A3928268842530028BB40 /* TvShowRows.swift in Sources */,
				F7EEA742268189A700F7DA9B /* TVShow.swift in Sources */,
				849A39202681BC6F0028BB40 /* LocationViewModel.swift in Sources */,
				F7D2A921267C25270035F173 /* ContentView.swift in Sources */,
				F70339EF2688002F00D2090F /* ListCast.swift in Sources */,
				F7EEA74426818E0B00F7DA9B /* TVShowsDetail.swift in Sources */,
				F75E8D11267C287B00940C62 /* NetworkGeneric.swift in Sources */,
				F75E8D2D267C320700940C62 /* MoviesList.swift in Sources */,
				F72C884F267C42B2003119C8 /* LoadImage.swift in Sources */,
				F70339E82687EC7C00D2090F /* CastDetail.swift in Sources */,
				849A391D26819D020028BB40 /* LocationFetcher.swift in Sources */,
				F75E8D24267C2D2F00940C62 /* Movie.swift in Sources */,
				D4A851562685721100CA8A23 /* DataModel.xcdatamodeld in Sources */,
				F75E8D1F267C2CA700940C62 /* Client.swift in Sources */,
				F75E8D28267C2FA300940C62 /* MoviesViewModel.swift in Sources */,
				F7EEA7402681887800F7DA9B /* TVShowViewModel.swift in Sources */,
				F72C884C267C3AB1003119C8 /* MovieDetail.swift in Sources */,
				F7EEA73E2681882500F7DA9B /* TVShowList.swift in Sources */,
				F70339EC2687F89900D2090F /* CastViewModel.swift in Sources */,
				849A392226822FEB0028BB40 /* MoviesRegionList.swift in Sources */,
				F75E8D10267C287B00940C62 /* ApiError.swift in Sources */,
				D4A851582685767F00CA8A23 /* Persistence.swift in Sources */,
				F72C8851267C4C0A003119C8 /* Loading.swift in Sources */,
				849A39262682F4AA0028BB40 /* Genre.swift in Sources */,
				F7D2A91F267C25270035F173 /* MovieCenterApp.swift in Sources */,
			);
			runOnlyForDeploymentPostprocessing = 0;
		};
/* End PBXSourcesBuildPhase section */

/* Begin XCBuildConfiguration section */
		F7D2A928267C25280035F173 /* Debug */ = {
			isa = XCBuildConfiguration;
			buildSettings = {
				ALWAYS_SEARCH_USER_PATHS = NO;
				CLANG_ANALYZER_NONNULL = YES;
				CLANG_ANALYZER_NUMBER_OBJECT_CONVERSION = YES_AGGRESSIVE;
				CLANG_CXX_LANGUAGE_STANDARD = "gnu++14";
				CLANG_CXX_LIBRARY = "libc++";
				CLANG_ENABLE_MODULES = YES;
				CLANG_ENABLE_OBJC_ARC = YES;
				CLANG_ENABLE_OBJC_WEAK = YES;
				CLANG_WARN_BLOCK_CAPTURE_AUTORELEASING = YES;
				CLANG_WARN_BOOL_CONVERSION = YES;
				CLANG_WARN_COMMA = YES;
				CLANG_WARN_CONSTANT_CONVERSION = YES;
				CLANG_WARN_DEPRECATED_OBJC_IMPLEMENTATIONS = YES;
				CLANG_WARN_DIRECT_OBJC_ISA_USAGE = YES_ERROR;
				CLANG_WARN_DOCUMENTATION_COMMENTS = YES;
				CLANG_WARN_EMPTY_BODY = YES;
				CLANG_WARN_ENUM_CONVERSION = YES;
				CLANG_WARN_INFINITE_RECURSION = YES;
				CLANG_WARN_INT_CONVERSION = YES;
				CLANG_WARN_NON_LITERAL_NULL_CONVERSION = YES;
				CLANG_WARN_OBJC_IMPLICIT_RETAIN_SELF = YES;
				CLANG_WARN_OBJC_LITERAL_CONVERSION = YES;
				CLANG_WARN_OBJC_ROOT_CLASS = YES_ERROR;
				CLANG_WARN_QUOTED_INCLUDE_IN_FRAMEWORK_HEADER = YES;
				CLANG_WARN_RANGE_LOOP_ANALYSIS = YES;
				CLANG_WARN_STRICT_PROTOTYPES = YES;
				CLANG_WARN_SUSPICIOUS_MOVE = YES;
				CLANG_WARN_UNGUARDED_AVAILABILITY = YES_AGGRESSIVE;
				CLANG_WARN_UNREACHABLE_CODE = YES;
				CLANG_WARN__DUPLICATE_METHOD_MATCH = YES;
				COPY_PHASE_STRIP = NO;
				DEBUG_INFORMATION_FORMAT = dwarf;
				ENABLE_STRICT_OBJC_MSGSEND = YES;
				ENABLE_TESTABILITY = YES;
				GCC_C_LANGUAGE_STANDARD = gnu11;
				GCC_DYNAMIC_NO_PIC = NO;
				GCC_NO_COMMON_BLOCKS = YES;
				GCC_OPTIMIZATION_LEVEL = 0;
				GCC_PREPROCESSOR_DEFINITIONS = (
					"DEBUG=1",
					"$(inherited)",
				);
				GCC_WARN_64_TO_32_BIT_CONVERSION = YES;
				GCC_WARN_ABOUT_RETURN_TYPE = YES_ERROR;
				GCC_WARN_UNDECLARED_SELECTOR = YES;
				GCC_WARN_UNINITIALIZED_AUTOS = YES_AGGRESSIVE;
				GCC_WARN_UNUSED_FUNCTION = YES;
				GCC_WARN_UNUSED_VARIABLE = YES;
				IPHONEOS_DEPLOYMENT_TARGET = 14.5;
				MTL_ENABLE_DEBUG_INFO = INCLUDE_SOURCE;
				MTL_FAST_MATH = YES;
				ONLY_ACTIVE_ARCH = YES;
				SDKROOT = iphoneos;
				SWIFT_ACTIVE_COMPILATION_CONDITIONS = DEBUG;
				SWIFT_OPTIMIZATION_LEVEL = "-Onone";
			};
			name = Debug;
		};
		F7D2A929267C25280035F173 /* Release */ = {
			isa = XCBuildConfiguration;
			buildSettings = {
				ALWAYS_SEARCH_USER_PATHS = NO;
				CLANG_ANALYZER_NONNULL = YES;
				CLANG_ANALYZER_NUMBER_OBJECT_CONVERSION = YES_AGGRESSIVE;
				CLANG_CXX_LANGUAGE_STANDARD = "gnu++14";
				CLANG_CXX_LIBRARY = "libc++";
				CLANG_ENABLE_MODULES = YES;
				CLANG_ENABLE_OBJC_ARC = YES;
				CLANG_ENABLE_OBJC_WEAK = YES;
				CLANG_WARN_BLOCK_CAPTURE_AUTORELEASING = YES;
				CLANG_WARN_BOOL_CONVERSION = YES;
				CLANG_WARN_COMMA = YES;
				CLANG_WARN_CONSTANT_CONVERSION = YES;
				CLANG_WARN_DEPRECATED_OBJC_IMPLEMENTATIONS = YES;
				CLANG_WARN_DIRECT_OBJC_ISA_USAGE = YES_ERROR;
				CLANG_WARN_DOCUMENTATION_COMMENTS = YES;
				CLANG_WARN_EMPTY_BODY = YES;
				CLANG_WARN_ENUM_CONVERSION = YES;
				CLANG_WARN_INFINITE_RECURSION = YES;
				CLANG_WARN_INT_CONVERSION = YES;
				CLANG_WARN_NON_LITERAL_NULL_CONVERSION = YES;
				CLANG_WARN_OBJC_IMPLICIT_RETAIN_SELF = YES;
				CLANG_WARN_OBJC_LITERAL_CONVERSION = YES;
				CLANG_WARN_OBJC_ROOT_CLASS = YES_ERROR;
				CLANG_WARN_QUOTED_INCLUDE_IN_FRAMEWORK_HEADER = YES;
				CLANG_WARN_RANGE_LOOP_ANALYSIS = YES;
				CLANG_WARN_STRICT_PROTOTYPES = YES;
				CLANG_WARN_SUSPICIOUS_MOVE = YES;
				CLANG_WARN_UNGUARDED_AVAILABILITY = YES_AGGRESSIVE;
				CLANG_WARN_UNREACHABLE_CODE = YES;
				CLANG_WARN__DUPLICATE_METHOD_MATCH = YES;
				COPY_PHASE_STRIP = NO;
				DEBUG_INFORMATION_FORMAT = "dwarf-with-dsym";
				ENABLE_NS_ASSERTIONS = NO;
				ENABLE_STRICT_OBJC_MSGSEND = YES;
				GCC_C_LANGUAGE_STANDARD = gnu11;
				GCC_NO_COMMON_BLOCKS = YES;
				GCC_WARN_64_TO_32_BIT_CONVERSION = YES;
				GCC_WARN_ABOUT_RETURN_TYPE = YES_ERROR;
				GCC_WARN_UNDECLARED_SELECTOR = YES;
				GCC_WARN_UNINITIALIZED_AUTOS = YES_AGGRESSIVE;
				GCC_WARN_UNUSED_FUNCTION = YES;
				GCC_WARN_UNUSED_VARIABLE = YES;
				IPHONEOS_DEPLOYMENT_TARGET = 14.5;
				MTL_ENABLE_DEBUG_INFO = NO;
				MTL_FAST_MATH = YES;
				SDKROOT = iphoneos;
				SWIFT_COMPILATION_MODE = wholemodule;
				SWIFT_OPTIMIZATION_LEVEL = "-O";
				VALIDATE_PRODUCT = YES;
			};
			name = Release;
		};
		F7D2A92B267C25280035F173 /* Debug */ = {
			isa = XCBuildConfiguration;
			buildSettings = {
				ASSETCATALOG_COMPILER_APPICON_NAME = AppIcon;
				ASSETCATALOG_COMPILER_GLOBAL_ACCENT_COLOR_NAME = AccentColor;
				CODE_SIGN_STYLE = Automatic;
				DEVELOPMENT_ASSET_PATHS = "\"MovieCenter/Preview Content\"";
				DEVELOPMENT_TEAM = YUUW8QNH75;
				ENABLE_BITCODE = YES;
				ENABLE_PREVIEWS = YES;
				INFOPLIST_FILE = MovieCenter/Info.plist;
				IPHONEOS_DEPLOYMENT_TARGET = 14.0;
				LD_RUNPATH_SEARCH_PATHS = (
					"$(inherited)",
					"@executable_path/Frameworks",
				);
				PRODUCT_BUNDLE_IDENTIFIER = app.example.MovieCenter;
				PRODUCT_NAME = "$(TARGET_NAME)";
				SWIFT_VERSION = 5.0;
				TARGETED_DEVICE_FAMILY = "1,2";
			};
			name = Debug;
		};
		F7D2A92C267C25280035F173 /* Release */ = {
			isa = XCBuildConfiguration;
			buildSettings = {
				ASSETCATALOG_COMPILER_APPICON_NAME = AppIcon;
				ASSETCATALOG_COMPILER_GLOBAL_ACCENT_COLOR_NAME = AccentColor;
				CODE_SIGN_STYLE = Automatic;
				DEVELOPMENT_ASSET_PATHS = "\"MovieCenter/Preview Content\"";
				DEVELOPMENT_TEAM = YUUW8QNH75;
				ENABLE_BITCODE = YES;
				ENABLE_PREVIEWS = YES;
				INFOPLIST_FILE = MovieCenter/Info.plist;
				IPHONEOS_DEPLOYMENT_TARGET = 14.0;
				LD_RUNPATH_SEARCH_PATHS = (
					"$(inherited)",
					"@executable_path/Frameworks",
				);
				PRODUCT_BUNDLE_IDENTIFIER = app.example.MovieCenter;
				PRODUCT_NAME = "$(TARGET_NAME)";
				SWIFT_VERSION = 5.0;
				TARGETED_DEVICE_FAMILY = "1,2";
			};
			name = Release;
		};
/* End XCBuildConfiguration section */

/* Begin XCConfigurationList section */
		F7D2A916267C25270035F173 /* Build configuration list for PBXProject "MovieCenter" */ = {
			isa = XCConfigurationList;
			buildConfigurations = (
				F7D2A928267C25280035F173 /* Debug */,
				F7D2A929267C25280035F173 /* Release */,
			);
			defaultConfigurationIsVisible = 0;
			defaultConfigurationName = Release;
		};
		F7D2A92A267C25280035F173 /* Build configuration list for PBXNativeTarget "MovieCenter" */ = {
			isa = XCConfigurationList;
			buildConfigurations = (
				F7D2A92B267C25280035F173 /* Debug */,
				F7D2A92C267C25280035F173 /* Release */,
			);
			defaultConfigurationIsVisible = 0;
			defaultConfigurationName = Release;
		};
/* End XCConfigurationList section */

/* Begin XCVersionGroup section */
		D4A851542685721100CA8A23 /* DataModel.xcdatamodeld */ = {
			isa = XCVersionGroup;
			children = (
				D4A851552685721100CA8A23 /* DataModel.xcdatamodel */,
			);
			currentVersion = D4A851552685721100CA8A23 /* DataModel.xcdatamodel */;
			path = DataModel.xcdatamodeld;
			sourceTree = "<group>";
			versionGroupType = wrapper.xcdatamodel;
		};
/* End XCVersionGroup section */
	};
	rootObject = F7D2A913267C25270035F173 /* Project object */;
}
